<?xml version="1.0" encoding="utf-8"?>
<Project ToolsVersion="4.0" xmlns="http://schemas.microsoft.com/developer/msbuild/2003">
  <ItemGroup>
    <ClInclude Include="Button.h" />
    <ClInclude Include="MouseZone.h" />
    <ClInclude Include="Sprite.h" />
    <ClInclude Include="Vertices.h" />
    <ClInclude Include="Trivial.h" />
    <ClInclude Include="Input.h" />
    <ClInclude Include="Label.h" />
    <ClInclude Include="Event.h" />
    <ClInclude Include="Module.h" />
    <ClInclude Include="ModuleManager.h" />
    <ClInclude Include="Modules\WindowModule.h" />
    <ClInclude Include="Modules\RendererModule.h" />
  </ItemGroup>
  <ItemGroup>
    <ClCompile Include="Button.cpp" />
    <ClCompile Include="MouseZone.cpp" />
    <ClCompile Include="Sprite.cpp" />
    <ClCompile Include="EntryPoint.cpp" />
    <ClCompile Include="Input.cpp" />
    <ClCompile Include="Label.cpp" />
    <ClCompile Include="Module.cpp" />
    <ClCompile Include="ModuleManager.cpp" />
    <ClCompile Include="Modules\WindowModule.cpp" />
    <ClCompile Include="Modules\RendererModule.cpp" />
  </ItemGroup>
</Project>